// !$*UTF8*$!
{
	archiveVersion = 1;
	classes = {
	};
	objectVersion = 56;
	objects = {

/* Begin PBXBuildFile section */
		8D78E46E28DA46B400924EE5 /* Colors.swift in Sources */ = {isa = PBXBuildFile; fileRef = 8D78E46D28DA46B400924EE5 /* Colors.swift */; };
		8D78E47228DA4B3700924EE5 /* FriendCardView.swift in Sources */ = {isa = PBXBuildFile; fileRef = 8D78E47128DA4B3700924EE5 /* FriendCardView.swift */; };
		8DC7D23128D9D9A0002463B3 /* FriendliApp.swift in Sources */ = {isa = PBXBuildFile; fileRef = 8DC7D23028D9D9A0002463B3 /* FriendliApp.swift */; };
		8DC7D23328D9D9A0002463B3 /* ContentView.swift in Sources */ = {isa = PBXBuildFile; fileRef = 8DC7D23228D9D9A0002463B3 /* ContentView.swift */; };
		8DC7D23528D9D9A2002463B3 /* Assets.xcassets in Resources */ = {isa = PBXBuildFile; fileRef = 8DC7D23428D9D9A2002463B3 /* Assets.xcassets */; };
		8DC7D23828D9D9A2002463B3 /* Preview Assets.xcassets in Resources */ = {isa = PBXBuildFile; fileRef = 8DC7D23728D9D9A2002463B3 /* Preview Assets.xcassets */; };
		8DC7D23F28D9D9B9002463B3 /* Friend.swift in Sources */ = {isa = PBXBuildFile; fileRef = 8DC7D23E28D9D9B9002463B3 /* Friend.swift */; };
		8DC7D24128D9DAF6002463B3 /* Post.swift in Sources */ = {isa = PBXBuildFile; fileRef = 8DC7D24028D9DAF6002463B3 /* Post.swift */; };
/* End PBXBuildFile section */

/* Begin PBXFileReference section */
		8D78E46D28DA46B400924EE5 /* Colors.swift */ = {isa = PBXFileReference; lastKnownFileType = sourcecode.swift; path = Colors.swift; sourceTree = "<group>"; };
		8D78E47128DA4B3700924EE5 /* FriendCardView.swift */ = {isa = PBXFileReference; lastKnownFileType = sourcecode.swift; path = FriendCardView.swift; sourceTree = "<group>"; };
		8DC7D22D28D9D99F002463B3 /* Friendli.app */ = {isa = PBXFileReference; explicitFileType = wrapper.application; includeInIndex = 0; path = Friendli.app; sourceTree = BUILT_PRODUCTS_DIR; };
		8DC7D23028D9D9A0002463B3 /* FriendliApp.swift */ = {isa = PBXFileReference; lastKnownFileType = sourcecode.swift; path = FriendliApp.swift; sourceTree = "<group>"; };
		8DC7D23228D9D9A0002463B3 /* ContentView.swift */ = {isa = PBXFileReference; lastKnownFileType = sourcecode.swift; path = ContentView.swift; sourceTree = "<group>"; };
		8DC7D23428D9D9A2002463B3 /* Assets.xcassets */ = {isa = PBXFileReference; lastKnownFileType = folder.assetcatalog; path = Assets.xcassets; sourceTree = "<group>"; };
		8DC7D23728D9D9A2002463B3 /* Preview Assets.xcassets */ = {isa = PBXFileReference; lastKnownFileType = folder.assetcatalog; path = "Preview Assets.xcassets"; sourceTree = "<group>"; };
		8DC7D23E28D9D9B9002463B3 /* Friend.swift */ = {isa = PBXFileReference; lastKnownFileType = sourcecode.swift; path = Friend.swift; sourceTree = "<group>"; };
		8DC7D24028D9DAF6002463B3 /* Post.swift */ = {isa = PBXFileReference; lastKnownFileType = sourcecode.swift; path = Post.swift; sourceTree = "<group>"; };
/* End PBXFileReference section */

/* Begin PBXFrameworksBuildPhase section */
		8DC7D22A28D9D99F002463B3 /* Frameworks */ = {
			isa = PBXFrameworksBuildPhase;
			buildActionMask = 2147483647;
			files = (
			);
			runOnlyForDeploymentPostprocessing = 0;
		};
/* End PBXFrameworksBuildPhase section */

/* Begin PBXGroup section */
		8D78E46B28DA45A500924EE5 /* Models */ = {
			isa = PBXGroup;
			children = (
				8DC7D23E28D9D9B9002463B3 /* Friend.swift */,
				8DC7D24028D9DAF6002463B3 /* Post.swift */,
			);
			path = Models;
			sourceTree = "<group>";
		};
		8D78E46C28DA469C00924EE5 /* Helpers */ = {
			isa = PBXGroup;
			children = (
				8D78E46D28DA46B400924EE5 /* Colors.swift */,
			);
			path = Helpers;
			sourceTree = "<group>";
		};
		8DC7D22428D9D99F002463B3 = {
			isa = PBXGroup;
			children = (
				8DC7D22F28D9D99F002463B3 /* Friendli */,
				8DC7D22E28D9D99F002463B3 /* Products */,
			);
			sourceTree = "<group>";
		};
		8DC7D22E28D9D99F002463B3 /* Products */ = {
			isa = PBXGroup;
			children = (
				8DC7D22D28D9D99F002463B3 /* Friendli.app */,
			);
			name = Products;
			sourceTree = "<group>";
		};
		8DC7D22F28D9D99F002463B3 /* Friendli */ = {
			isa = PBXGroup;
			children = (
				8D78E46C28DA469C00924EE5 /* Helpers */,
				8D78E46B28DA45A500924EE5 /* Models */,
				8DC7D23028D9D9A0002463B3 /* FriendliApp.swift */,
				8DC7D23228D9D9A0002463B3 /* ContentView.swift */,
				8D78E47128DA4B3700924EE5 /* FriendCardView.swift */,
				8DC7D23428D9D9A2002463B3 /* Assets.xcassets */,
				8DC7D23628D9D9A2002463B3 /* Preview Content */,
			);
			path = Friendli;
			sourceTree = "<group>";
		};
		8DC7D23628D9D9A2002463B3 /* Preview Content */ = {
			isa = PBXGroup;
			children = (
				8DC7D23728D9D9A2002463B3 /* Preview Assets.xcassets */,
			);
			path = "Preview Content";
			sourceTree = "<group>";
		};
/* End PBXGroup section */

/* Begin PBXNativeTarget section */
		8DC7D22C28D9D99F002463B3 /* Friendli */ = {
			isa = PBXNativeTarget;
			buildConfigurationList = 8DC7D23B28D9D9A2002463B3 /* Build configuration list for PBXNativeTarget "Friendli" */;
			buildPhases = (
				8DC7D22928D9D99F002463B3 /* Sources */,
				8DC7D22A28D9D99F002463B3 /* Frameworks */,
				8DC7D22B28D9D99F002463B3 /* Resources */,
			);
			buildRules = (
			);
			dependencies = (
			);
			name = Friendli;
			productName = Friendli;
			productReference = 8DC7D22D28D9D99F002463B3 /* Friendli.app */;
			productType = "com.apple.product-type.application";
		};
/* End PBXNativeTarget section */

/* Begin PBXProject section */
		8DC7D22528D9D99F002463B3 /* Project object */ = {
			isa = PBXProject;
			attributes = {
				BuildIndependentTargetsInParallel = 1;
				LastSwiftUpdateCheck = 1400;
				LastUpgradeCheck = 1400;
				TargetAttributes = {
					8DC7D22C28D9D99F002463B3 = {
						CreatedOnToolsVersion = 14.0;
					};
				};
			};
			buildConfigurationList = 8DC7D22828D9D99F002463B3 /* Build configuration list for PBXProject "Friendli" */;
			compatibilityVersion = "Xcode 14.0";
			developmentRegion = en;
			hasScannedForEncodings = 0;
			knownRegions = (
				en,
				Base,
			);
			mainGroup = 8DC7D22428D9D99F002463B3;
			productRefGroup = 8DC7D22E28D9D99F002463B3 /* Products */;
			projectDirPath = "";
			projectRoot = "";
			targets = (
				8DC7D22C28D9D99F002463B3 /* Friendli */,
			);
		};
/* End PBXProject section */

/* Begin PBXResourcesBuildPhase section */
		8DC7D22B28D9D99F002463B3 /* Resources */ = {
			isa = PBXResourcesBuildPhase;
			buildActionMask = 2147483647;
			files = (
				8DC7D23828D9D9A2002463B3 /* Preview Assets.xcassets in Resources */,
				8DC7D23528D9D9A2002463B3 /* Assets.xcassets in Resources */,
			);
			runOnlyForDeploymentPostprocessing = 0;
		};
/* End PBXResourcesBuildPhase section */

/* Begin PBXSourcesBuildPhase section */
		8DC7D22928D9D99F002463B3 /* Sources */ = {
			isa = PBXSourcesBuildPhase;
			buildActionMask = 2147483647;
			files = (
				8DC7D23F28D9D9B9002463B3 /* Friend.swift in Sources */,
				8D78E46E28DA46B400924EE5 /* Colors.swift in Sources */,
				8DC7D23328D9D9A0002463B3 /* ContentView.swift in Sources */,
				8DC7D23128D9D9A0002463B3 /* FriendliApp.swift in Sources */,
				8D78E47228DA4B3700924EE5 /* FriendCardView.swift in Sources */,
				8DC7D24128D9DAF6002463B3 /* Post.swift in Sources */,
			);
			runOnlyForDeploymentPostprocessing = 0;
		};
/* End PBXSourcesBuildPhase section */

/* Begin XCBuildConfiguration section */
		8DC7D23928D9D9A2002463B3 /* Debug */ = {
			isa = XCBuildConfiguration;
			buildSettings = {
				ALWAYS_SEARCH_USER_PATHS = NO;
				CLANG_ANALYZER_NONNULL = YES;
				CLANG_ANALYZER_NUMBER_OBJECT_CONVERSION = YES_AGGRESSIVE;
				CLANG_CXX_LANGUAGE_STANDARD = "gnu++20";
				CLANG_ENABLE_MODULES = YES;
				CLANG_ENABLE_OBJC_ARC = YES;
				CLANG_ENABLE_OBJC_WEAK = YES;
				CLANG_WARN_BLOCK_CAPTURE_AUTORELEASING = YES;
				CLANG_WARN_BOOL_CONVERSION = YES;
				CLANG_WARN_COMMA = YES;
				CLANG_WARN_CONSTANT_CONVERSION = YES;
				CLANG_WARN_DEPRECATED_OBJC_IMPLEMENTATIONS = YES;
				CLANG_WARN_DIRECT_OBJC_ISA_USAGE = YES_ERROR;
				CLANG_WARN_DOCUMENTATION_COMMENTS = YES;
				CLANG_WARN_EMPTY_BODY = YES;
				CLANG_WARN_ENUM_CONVERSION = YES;
				CLANG_WARN_INFINITE_RECURSION = YES;
				CLANG_WARN_INT_CONVERSION = YES;
				CLANG_WARN_NON_LITERAL_NULL_CONVERSION = YES;
				CLANG_WARN_OBJC_IMPLICIT_RETAIN_SELF = YES;
				CLANG_WARN_OBJC_LITERAL_CONVERSION = YES;
				CLANG_WARN_OBJC_ROOT_CLASS = YES_ERROR;
				CLANG_WARN_QUOTED_INCLUDE_IN_FRAMEWORK_HEADER = YES;
				CLANG_WARN_RANGE_LOOP_ANALYSIS = YES;
				CLANG_WARN_STRICT_PROTOTYPES = YES;
				CLANG_WARN_SUSPICIOUS_MOVE = YES;
				CLANG_WARN_UNGUARDED_AVAILABILITY = YES_AGGRESSIVE;
				CLANG_WARN_UNREACHABLE_CODE = YES;
				CLANG_WARN__DUPLICATE_METHOD_MATCH = YES;
				COPY_PHASE_STRIP = NO;
				DEBUG_INFORMATION_FORMAT = dwarf;
				ENABLE_STRICT_OBJC_MSGSEND = YES;
				ENABLE_TESTABILITY = YES;
				GCC_C_LANGUAGE_STANDARD = gnu11;
				GCC_DYNAMIC_NO_PIC = NO;
				GCC_NO_COMMON_BLOCKS = YES;
				GCC_OPTIMIZATION_LEVEL = 0;
				GCC_PREPROCESSOR_DEFINITIONS = (
					"DEBUG=1",
					"$(inherited)",
				);
				GCC_WARN_64_TO_32_BIT_CONVERSION = YES;
				GCC_WARN_ABOUT_RETURN_TYPE = YES_ERROR;
				GCC_WARN_UNDECLARED_SELECTOR = YES;
				GCC_WARN_UNINITIALIZED_AUTOS = YES_AGGRESSIVE;
				GCC_WARN_UNUSED_FUNCTION = YES;
				GCC_WARN_UNUSED_VARIABLE = YES;
				IPHONEOS_DEPLOYMENT_TARGET = 16.0;
				MTL_ENABLE_DEBUG_INFO = INCLUDE_SOURCE;
				MTL_FAST_MATH = YES;
				ONLY_ACTIVE_ARCH = YES;
				SDKROOT = iphoneos;
				SWIFT_ACTIVE_COMPILATION_CONDITIONS = DEBUG;
				SWIFT_OPTIMIZATION_LEVEL = "-Onone";
			};
			name = Debug;
		};
		8DC7D23A28D9D9A2002463B3 /* Release */ = {
			isa = XCBuildConfiguration;
			buildSettings = {
				ALWAYS_SEARCH_USER_PATHS = NO;
				CLANG_ANALYZER_NONNULL = YES;
				CLANG_ANALYZER_NUMBER_OBJECT_CONVERSION = YES_AGGRESSIVE;
				CLANG_CXX_LANGUAGE_STANDARD = "gnu++20";
				CLANG_ENABLE_MODULES = YES;
				CLANG_ENABLE_OBJC_ARC = YES;
				CLANG_ENABLE_OBJC_WEAK = YES;
				CLANG_WARN_BLOCK_CAPTURE_AUTORELEASING = YES;
				CLANG_WARN_BOOL_CONVERSION = YES;
				CLANG_WARN_COMMA = YES;
				CLANG_WARN_CONSTANT_CONVERSION = YES;
				CLANG_WARN_DEPRECATED_OBJC_IMPLEMENTATIONS = YES;
				CLANG_WARN_DIRECT_OBJC_ISA_USAGE = YES_ERROR;
				CLANG_WARN_DOCUMENTATION_COMMENTS = YES;
				CLANG_WARN_EMPTY_BODY = YES;
				CLANG_WARN_ENUM_CONVERSION = YES;
				CLANG_WARN_INFINITE_RECURSION = YES;
				CLANG_WARN_INT_CONVERSION = YES;
				CLANG_WARN_NON_LITERAL_NULL_CONVERSION = YES;
				CLANG_WARN_OBJC_IMPLICIT_RETAIN_SELF = YES;
				CLANG_WARN_OBJC_LITERAL_CONVERSION = YES;
				CLANG_WARN_OBJC_ROOT_CLASS = YES_ERROR;
				CLANG_WARN_QUOTED_INCLUDE_IN_FRAMEWORK_HEADER = YES;
				CLANG_WARN_RANGE_LOOP_ANALYSIS = YES;
				CLANG_WARN_STRICT_PROTOTYPES = YES;
				CLANG_WARN_SUSPICIOUS_MOVE = YES;
				CLANG_WARN_UNGUARDED_AVAILABILITY = YES_AGGRESSIVE;
				CLANG_WARN_UNREACHABLE_CODE = YES;
				CLANG_WARN__DUPLICATE_METHOD_MATCH = YES;
				COPY_PHASE_STRIP = NO;
				DEBUG_INFORMATION_FORMAT = "dwarf-with-dsym";
				ENABLE_NS_ASSERTIONS = NO;
				ENABLE_STRICT_OBJC_MSGSEND = YES;
				GCC_C_LANGUAGE_STANDARD = gnu11;
				GCC_NO_COMMON_BLOCKS = YES;
				GCC_WARN_64_TO_32_BIT_CONVERSION = YES;
				GCC_WARN_ABOUT_RETURN_TYPE = YES_ERROR;
				GCC_WARN_UNDECLARED_SELECTOR = YES;
				GCC_WARN_UNINITIALIZED_AUTOS = YES_AGGRESSIVE;
				GCC_WARN_UNUSED_FUNCTION = YES;
				GCC_WARN_UNUSED_VARIABLE = YES;
				IPHONEOS_DEPLOYMENT_TARGET = 16.0;
				MTL_ENABLE_DEBUG_INFO = NO;
				MTL_FAST_MATH = YES;
				SDKROOT = iphoneos;
				SWIFT_COMPILATION_MODE = wholemodule;
				SWIFT_OPTIMIZATION_LEVEL = "-O";
				VALIDATE_PRODUCT = YES;
			};
			name = Release;
		};
		8DC7D23C28D9D9A2002463B3 /* Debug */ = {
			isa = XCBuildConfiguration;
			buildSettings = {
				ASSETCATALOG_COMPILER_APPICON_NAME = AppIcon;
				ASSETCATALOG_COMPILER_GLOBAL_ACCENT_COLOR_NAME = AccentColor;
				CODE_SIGN_STYLE = Automatic;
				CURRENT_PROJECT_VERSION = 1;
				DEVELOPMENT_ASSET_PATHS = "\"Friendli/Preview Content\"";
				DEVELOPMENT_TEAM = 427KM6YQPH;
				ENABLE_PREVIEWS = YES;
				GENERATE_INFOPLIST_FILE = YES;
				INFOPLIST_KEY_UIApplicationSceneManifest_Generation = YES;
				INFOPLIST_KEY_UIApplicationSupportsIndirectInputEvents = YES;
				INFOPLIST_KEY_UILaunchScreen_Generation = YES;
				INFOPLIST_KEY_UISupportedInterfaceOrientations_iPad = "UIInterfaceOrientationPortrait UIInterfaceOrientationPortraitUpsideDown UIInterfaceOrientationLandscapeLeft UIInterfaceOrientationLandscapeRight";
				INFOPLIST_KEY_UISupportedInterfaceOrientations_iPhone = "UIInterfaceOrientationPortrait UIInterfaceOrientationLandscapeLeft UIInterfaceOrientationLandscapeRight";
				LD_RUNPATH_SEARCH_PATHS = (
					"$(inherited)",
					"@executable_path/Frameworks",
				);
				MARKETING_VERSION = 1.0;
				PRODUCT_BUNDLE_IDENTIFIER = studio.linea.Friendli;
				PRODUCT_NAME = "$(TARGET_NAME)";
				SWIFT_EMIT_LOC_STRINGS = YES;
				SWIFT_VERSION = 5.0;
				TARGETED_DEVICE_FAMILY = "1,2";
			};
			name = Debug;
		};
		8DC7D23D28D9D9A2002463B3 /* Release */ = {
			isa = XCBuildConfiguration;
			buildSettings = {
				ASSETCATALOG_COMPILER_APPICON_NAME = AppIcon;
				ASSETCATALOG_COMPILER_GLOBAL_ACCENT_COLOR_NAME = AccentColor;
				CODE_SIGN_STYLE = Automatic;
				CURRENT_PROJECT_VERSION = 1;
				DEVELOPMENT_ASSET_PATHS = "\"Friendli/Preview Content\"";
				DEVELOPMENT_TEAM = 427KM6YQPH;
				ENABLE_PREVIEWS = YES;
				GENERATE_INFOPLIST_FILE = YES;
				INFOPLIST_KEY_UIApplicationSceneManifest_Generation = YES;
				INFOPLIST_KEY_UIApplicationSupportsIndirectInputEvents = YES;
				INFOPLIST_KEY_UILaunchScreen_Generation = YES;
				INFOPLIST_KEY_UISupportedInterfaceOrientations_iPad = "UIInterfaceOrientationPortrait UIInterfaceOrientationPortraitUpsideDown UIInterfaceOrientationLandscapeLeft UIInterfaceOrientationLandscapeRight";
				INFOPLIST_KEY_UISupportedInterfaceOrientations_iPhone = "UIInterfaceOrientationPortrait UIInterfaceOrientationLandscapeLeft UIInterfaceOrientationLandscapeRight";
				LD_RUNPATH_SEARCH_PATHS = (
					"$(inherited)",
					"@executable_path/Frameworks",
				);
				MARKETING_VERSION = 1.0;
				PRODUCT_BUNDLE_IDENTIFIER = studio.linea.Friendli;
				PRODUCT_NAME = "$(TARGET_NAME)";
				SWIFT_EMIT_LOC_STRINGS = YES;
				SWIFT_VERSION = 5.0;
				TARGETED_DEVICE_FAMILY = "1,2";
			};
			name = Release;
		};
/* End XCBuildConfiguration section */

/* Begin XCConfigurationList section */
		8DC7D22828D9D99F002463B3 /* Build configuration list for PBXProject "Friendli" */ = {
			isa = XCConfigurationList;
			buildConfigurations = (
				8DC7D23928D9D9A2002463B3 /* Debug */,
				8DC7D23A28D9D9A2002463B3 /* Release */,
			);
			defaultConfigurationIsVisible = 0;
			defaultConfigurationName = Release;
		};
		8DC7D23B28D9D9A2002463B3 /* Build configuration list for PBXNativeTarget "Friendli" */ = {
			isa = XCConfigurationList;
			buildConfigurations = (
				8DC7D23C28D9D9A2002463B3 /* Debug */,
				8DC7D23D28D9D9A2002463B3 /* Release */,
			);
			defaultConfigurationIsVisible = 0;
			defaultConfigurationName = Release;
		};
/* End XCConfigurationList section */
	};
	rootObject = 8DC7D22528D9D99F002463B3 /* Project object */;
}
